{
    "_readme": [
        "This file locks the dependencies of your project to a known state",
        "Read more about it at https://getcomposer.org/doc/01-basic-usage.md#installing-dependencies",
        "This file is @generated automatically"
    ],
    "content-hash": "f49a3a02fac92dea9fa4326a82bd3bbf",
    "packages": [
        {
            "name": "navarr/sockets",
            "version": "v0.3.0",
            "source": {
                "type": "git",
                "url": "https://github.com/navarr/Sockets.git",
                "reference": "654f35b0851b84c7b22ec02e463b914121692564"
            },
            "dist": {
                "type": "zip",
                "url": "https://api.github.com/repos/navarr/Sockets/zipball/654f35b0851b84c7b22ec02e463b914121692564",
                "reference": "654f35b0851b84c7b22ec02e463b914121692564",
                "shasum": ""
            },
            "require": {
                "ext-sockets": "*",
                "php": "^8"
            },
            "require-dev": {
                "infection/infection": "^0.26",
                "jetbrains/phpstorm-attributes": "^1",
                "phpstan/phpstan": "^1",
                "phpunit/phpunit": "^9.5",
                "roave/security-advisories": "dev-master",
                "squizlabs/php_codesniffer": "^3.6"
            },
            "type": "library",
            "autoload": {
                "psr-4": {
                    "Navarr\\Socket\\": "src/"
                }
            },
            "notification-url": "https://packagist.org/downloads/",
            "license": [
                "MIT"
            ],
            "authors": [
                {
                    "name": "Navarr Barnier",
                    "email": "me@navarr.me",
                    "homepage": "http://tech.navarr.me/",
                    "role": "Developer"
                }
            ],
            "description": "Sockets in PHP",
            "support": {
                "issues": "https://github.com/navarr/Sockets/issues",
                "source": "https://github.com/navarr/Sockets/tree/v0.3.0"
            },
            "funding": [
                {
                    "url": "https://github.com/navarr",
                    "type": "github"
                }
            ],
            "time": "2022-01-16T19:25:30+00:00"
        }
    ],
    "packages-dev": [],
    "aliases": [],
    "minimum-stability": "dev",
    "stability-flags": [],
    "prefer-stable": false,
    "prefer-lowest": false,
    "platform": {
        "php": ">=7.0"
    },
    "platform-dev": [],
    "plugin-api-version": "2.2.0"
}
